
Microsoft Visual Studio Solution File, Format Version 12.00
# Visual Studio Version 17
VisualStudioVersion = 17.10.34814.14
MinimumVisualStudioVersion = 10.0.40219.1
Project("{2150E333-8FDC-42A3-9474-1A3956D46DE8}") = "src", "src", "{DBE8B640-CAED-414B-ABD0-E1A55503403A}"
EndProject
Project("{2150E333-8FDC-42A3-9474-1A3956D46DE8}") = "tests", "tests", "{835FB721-FFC1-4D1C-84D9-07CAB5639D23}"
EndProject
Project("{2150E333-8FDC-42A3-9474-1A3956D46DE8}") = "API", "API", "{1E1E0FF8-BC2F-4A78-A5EF-AB881EC6BCAF}"
EndProject
Project("{2150E333-8FDC-42A3-9474-1A3956D46DE8}") = "Core", "Core", "{256ABA9D-6193-4F5A-98EC-0AC40F1E5AAB}"
EndProject
Project("{2150E333-8FDC-42A3-9474-1A3956D46DE8}") = "UI", "UI", "{01F128E0-0C82-4C8E-81BE-36F10B172315}"
EndProject
Project("{2150E333-8FDC-42A3-9474-1A3956D46DE8}") = "Infrastructure", "Infrastructure", "{A4D83D8E-9AD6-4043-A1F8-549818F252F0}"
EndProject
Project("{9A19103F-16F7-4668-BE54-9A1E7A4F7556}") = "BookStore.Domain", "BookStore.Domain\BookStore.Domain.csproj", "{B86FAE1E-AE63-4A1D-A196-7EDFFA51C062}"
EndProject
Project("{9A19103F-16F7-4668-BE54-9A1E7A4F7556}") = "BookStore.Application", "BookStore.Application\BookStore.Application.csproj", "{D707814E-6635-4389-A8DA-E379B38D1513}"
EndProject
Project("{9A19103F-16F7-4668-BE54-9A1E7A4F7556}") = "BookStore.Persistence", "BookStore.Persistence\BookStore.Persistence.csproj", "{F09E566F-4BDA-4779-982D-09B8DD863736}"
EndProject
Project("{9A19103F-16F7-4668-BE54-9A1E7A4F7556}") = "BookStore.Api", "BookStore.Api\BookStore.Api.csproj", "{265D19B0-51D8-4510-9195-860C0561F650}"
EndProject
Project("{9A19103F-16F7-4668-BE54-9A1E7A4F7556}") = "BookStore.Identity", "BookStore.Identity\BookStore.Identity.csproj", "{056D1D9E-B788-4FC0-BBF3-DFB487537BE3}"
EndProject
Project("{9A19103F-16F7-4668-BE54-9A1E7A4F7556}") = "BookStore.Infrastructure", "BookStore.Infrastructure\BookStore.Infrastructure.csproj", "{30FD838E-CD81-42FC-B282-FA8545F40CFF}"
EndProject
Project("{9A19103F-16F7-4668-BE54-9A1E7A4F7556}") = "BookStore.Shared", "BookStore.Shared\BookStore.Shared.csproj", "{E00EE0E1-D3A2-422A-88DA-FE943ADE3575}"
EndProject
Project("{9A19103F-16F7-4668-BE54-9A1E7A4F7556}") = "BookStore.RazorPages", "BookStore.RazorPages\BookStore.RazorPages.csproj", "{31357909-F744-458C-8C23-FF9458427DBB}"
EndProject
Project("{2150E333-8FDC-42A3-9474-1A3956D46DE8}") = "Solution Items", "Solution Items", "{29B7433D-7962-49AB-ACD4-CC9EDCBD0139}"
	ProjectSection(SolutionItems) = preProject
		.editorconfig = .editorconfig
	EndProjectSection
EndProject
Global
	GlobalSection(SolutionConfigurationPlatforms) = preSolution
		Debug|Any CPU = Debug|Any CPU
		Release|Any CPU = Release|Any CPU
	EndGlobalSection
	GlobalSection(ProjectConfigurationPlatforms) = postSolution
		{B86FAE1E-AE63-4A1D-A196-7EDFFA51C062}.Debug|Any CPU.ActiveCfg = Debug|Any CPU
		{B86FAE1E-AE63-4A1D-A196-7EDFFA51C062}.Debug|Any CPU.Build.0 = Debug|Any CPU
		{B86FAE1E-AE63-4A1D-A196-7EDFFA51C062}.Release|Any CPU.ActiveCfg = Release|Any CPU
		{B86FAE1E-AE63-4A1D-A196-7EDFFA51C062}.Release|Any CPU.Build.0 = Release|Any CPU
		{D707814E-6635-4389-A8DA-E379B38D1513}.Debug|Any CPU.ActiveCfg = Debug|Any CPU
		{D707814E-6635-4389-A8DA-E379B38D1513}.Debug|Any CPU.Build.0 = Debug|Any CPU
		{D707814E-6635-4389-A8DA-E379B38D1513}.Release|Any CPU.ActiveCfg = Release|Any CPU
		{D707814E-6635-4389-A8DA-E379B38D1513}.Release|Any CPU.Build.0 = Release|Any CPU
		{F09E566F-4BDA-4779-982D-09B8DD863736}.Debug|Any CPU.ActiveCfg = Debug|Any CPU
		{F09E566F-4BDA-4779-982D-09B8DD863736}.Debug|Any CPU.Build.0 = Debug|Any CPU
		{F09E566F-4BDA-4779-982D-09B8DD863736}.Release|Any CPU.ActiveCfg = Release|Any CPU
		{F09E566F-4BDA-4779-982D-09B8DD863736}.Release|Any CPU.Build.0 = Release|Any CPU
		{265D19B0-51D8-4510-9195-860C0561F650}.Debug|Any CPU.ActiveCfg = Debug|Any CPU
		{265D19B0-51D8-4510-9195-860C0561F650}.Debug|Any CPU.Build.0 = Debug|Any CPU
		{265D19B0-51D8-4510-9195-860C0561F650}.Release|Any CPU.ActiveCfg = Release|Any CPU
		{265D19B0-51D8-4510-9195-860C0561F650}.Release|Any CPU.Build.0 = Release|Any CPU
		{056D1D9E-B788-4FC0-BBF3-DFB487537BE3}.Debug|Any CPU.ActiveCfg = Debug|Any CPU
		{056D1D9E-B788-4FC0-BBF3-DFB487537BE3}.Debug|Any CPU.Build.0 = Debug|Any CPU
		{056D1D9E-B788-4FC0-BBF3-DFB487537BE3}.Release|Any CPU.ActiveCfg = Release|Any CPU
		{056D1D9E-B788-4FC0-BBF3-DFB487537BE3}.Release|Any CPU.Build.0 = Release|Any CPU
		{30FD838E-CD81-42FC-B282-FA8545F40CFF}.Debug|Any CPU.ActiveCfg = Debug|Any CPU
		{30FD838E-CD81-42FC-B282-FA8545F40CFF}.Debug|Any CPU.Build.0 = Debug|Any CPU
		{30FD838E-CD81-42FC-B282-FA8545F40CFF}.Release|Any CPU.ActiveCfg = Release|Any CPU
		{30FD838E-CD81-42FC-B282-FA8545F40CFF}.Release|Any CPU.Build.0 = Release|Any CPU
		{E00EE0E1-D3A2-422A-88DA-FE943ADE3575}.Debug|Any CPU.ActiveCfg = Debug|Any CPU
		{E00EE0E1-D3A2-422A-88DA-FE943ADE3575}.Debug|Any CPU.Build.0 = Debug|Any CPU
		{E00EE0E1-D3A2-422A-88DA-FE943ADE3575}.Release|Any CPU.ActiveCfg = Release|Any CPU
		{E00EE0E1-D3A2-422A-88DA-FE943ADE3575}.Release|Any CPU.Build.0 = Release|Any CPU
		{31357909-F744-458C-8C23-FF9458427DBB}.Debug|Any CPU.ActiveCfg = Debug|Any CPU
		{31357909-F744-458C-8C23-FF9458427DBB}.Debug|Any CPU.Build.0 = Debug|Any CPU
		{31357909-F744-458C-8C23-FF9458427DBB}.Release|Any CPU.ActiveCfg = Release|Any CPU
		{31357909-F744-458C-8C23-FF9458427DBB}.Release|Any CPU.Build.0 = Release|Any CPU
	EndGlobalSection
	GlobalSection(SolutionProperties) = preSolution
		HideSolutionNode = FALSE
	EndGlobalSection
	GlobalSection(NestedProjects) = preSolution
		{1E1E0FF8-BC2F-4A78-A5EF-AB881EC6BCAF} = {DBE8B640-CAED-414B-ABD0-E1A55503403A}
		{256ABA9D-6193-4F5A-98EC-0AC40F1E5AAB} = {DBE8B640-CAED-414B-ABD0-E1A55503403A}
		{01F128E0-0C82-4C8E-81BE-36F10B172315} = {DBE8B640-CAED-414B-ABD0-E1A55503403A}
		{A4D83D8E-9AD6-4043-A1F8-549818F252F0} = {DBE8B640-CAED-414B-ABD0-E1A55503403A}
		{B86FAE1E-AE63-4A1D-A196-7EDFFA51C062} = {256ABA9D-6193-4F5A-98EC-0AC40F1E5AAB}
		{D707814E-6635-4389-A8DA-E379B38D1513} = {256ABA9D-6193-4F5A-98EC-0AC40F1E5AAB}
		{F09E566F-4BDA-4779-982D-09B8DD863736} = {A4D83D8E-9AD6-4043-A1F8-549818F252F0}
		{265D19B0-51D8-4510-9195-860C0561F650} = {1E1E0FF8-BC2F-4A78-A5EF-AB881EC6BCAF}
		{056D1D9E-B788-4FC0-BBF3-DFB487537BE3} = {A4D83D8E-9AD6-4043-A1F8-549818F252F0}
		{30FD838E-CD81-42FC-B282-FA8545F40CFF} = {A4D83D8E-9AD6-4043-A1F8-549818F252F0}
		{E00EE0E1-D3A2-422A-88DA-FE943ADE3575} = {256ABA9D-6193-4F5A-98EC-0AC40F1E5AAB}
		{31357909-F744-458C-8C23-FF9458427DBB} = {01F128E0-0C82-4C8E-81BE-36F10B172315}
	EndGlobalSection
	GlobalSection(ExtensibilityGlobals) = postSolution
		SolutionGuid = {DD28BC85-FDBC-42A6-81E1-BF4B651388C9}
	EndGlobalSection
EndGlobal
